
Microsoft Visual Studio Solution File, Format Version 12.00
# Visual Studio Version 17
VisualStudioVersion = 17.0.31903.59
MinimumVisualStudioVersion = 10.0.40219.1
Project("{FAE04EC0-301F-11D3-BF4B-00C04F79EFBC}") = "Testability", "Testability\Testability.csproj", "{07274C9E-11EC-4FC0-8353-7D949019CB09}"
EndProject
Project("{FAE04EC0-301F-11D3-BF4B-00C04F79EFBC}") = "Testability.UnitTest", "Testability.UnitTest\Testability.UnitTest.csproj", "{003A38EA-E2C8-4A70-8003-AB4F31685E54}"
EndProject
Global
	GlobalSection(SolutionConfigurationPlatforms) = preSolution
		Debug|Any CPU = Debug|Any CPU
		Release|Any CPU = Release|Any CPU
	EndGlobalSection
	GlobalSection(SolutionProperties) = preSolution
		HideSolutionNode = FALSE
	EndGlobalSection
	GlobalSection(ProjectConfigurationPlatforms) = postSolution
		{07274C9E-11EC-4FC0-8353-7D949019CB09}.Debug|Any CPU.ActiveCfg = Debug|Any CPU
		{07274C9E-11EC-4FC0-8353-7D949019CB09}.Debug|Any CPU.Build.0 = Debug|Any CPU
		{07274C9E-11EC-4FC0-8353-7D949019CB09}.Release|Any CPU.ActiveCfg = Release|Any CPU
		{07274C9E-11EC-4FC0-8353-7D949019CB09}.Release|Any CPU.Build.0 = Release|Any CPU
		{003A38EA-E2C8-4A70-8003-AB4F31685E54}.Debug|Any CPU.ActiveCfg = Debug|Any CPU
		{003A38EA-E2C8-4A70-8003-AB4F31685E54}.Debug|Any CPU.Build.0 = Debug|Any CPU
		{003A38EA-E2C8-4A70-8003-AB4F31685E54}.Release|Any CPU.ActiveCfg = Release|Any CPU
		{003A38EA-E2C8-4A70-8003-AB4F31685E54}.Release|Any CPU.Build.0 = Release|Any CPU
	EndGlobalSection
EndGlobal
